// !$*UTF8*$!
{
	archiveVersion = 1;
	classes = {
	};
	objectVersion = 50;
	objects = {

/* Begin PBXBuildFile section */
		18433113225D07C200A4DC21 /* AppDelegate.swift in Sources */ = {isa = PBXBuildFile; fileRef = 18433112225D07C200A4DC21 /* AppDelegate.swift */; };
		18433118225D07C200A4DC21 /* Main.storyboard in Resources */ = {isa = PBXBuildFile; fileRef = 18433116225D07C200A4DC21 /* Main.storyboard */; };
		1843311D225D07C400A4DC21 /* LaunchScreen.storyboard in Resources */ = {isa = PBXBuildFile; fileRef = 1843311B225D07C400A4DC21 /* LaunchScreen.storyboard */; };
		18433125225D088D00A4DC21 /* SplashPresenter.swift in Sources */ = {isa = PBXBuildFile; fileRef = 18433124225D088D00A4DC21 /* SplashPresenter.swift */; };
		18433127225D08A000A4DC21 /* SplashViewController.swift in Sources */ = {isa = PBXBuildFile; fileRef = 18433126225D08A000A4DC21 /* SplashViewController.swift */; };
		18433129225D08B300A4DC21 /* SplashAnimator.swift in Sources */ = {isa = PBXBuildFile; fileRef = 18433128225D08B300A4DC21 /* SplashAnimator.swift */; };
		18EA0A7A227775CC00D4FCEB /* Assets.xcassets in Resources */ = {isa = PBXBuildFile; fileRef = 18EA0A79227775CB00D4FCEB /* Assets.xcassets */; };
/* End PBXBuildFile section */

/* Begin PBXFileReference section */
		1843310F225D07C200A4DC21 /* YoulaSplash.app */ = {isa = PBXFileReference; explicitFileType = wrapper.application; includeInIndex = 0; path = YoulaSplash.app; sourceTree = BUILT_PRODUCTS_DIR; };
		18433112225D07C200A4DC21 /* AppDelegate.swift */ = {isa = PBXFileReference; lastKnownFileType = sourcecode.swift; path = AppDelegate.swift; sourceTree = "<group>"; };
		18433117225D07C200A4DC21 /* Base */ = {isa = PBXFileReference; lastKnownFileType = file.storyboard; name = Base; path = Base.lproj/Main.storyboard; sourceTree = "<group>"; };
		1843311C225D07C400A4DC21 /* Base */ = {isa = PBXFileReference; lastKnownFileType = file.storyboard; name = Base; path = Base.lproj/LaunchScreen.storyboard; sourceTree = "<group>"; };
		1843311E225D07C400A4DC21 /* Info.plist */ = {isa = PBXFileReference; lastKnownFileType = text.plist.xml; path = Info.plist; sourceTree = "<group>"; };
		18433124225D088D00A4DC21 /* SplashPresenter.swift */ = {isa = PBXFileReference; lastKnownFileType = sourcecode.swift; path = SplashPresenter.swift; sourceTree = "<group>"; };
		18433126225D08A000A4DC21 /* SplashViewController.swift */ = {isa = PBXFileReference; lastKnownFileType = sourcecode.swift; path = SplashViewController.swift; sourceTree = "<group>"; };
		18433128225D08B300A4DC21 /* SplashAnimator.swift */ = {isa = PBXFileReference; lastKnownFileType = sourcecode.swift; path = SplashAnimator.swift; sourceTree = "<group>"; };
		18EA0A79227775CB00D4FCEB /* Assets.xcassets */ = {isa = PBXFileReference; lastKnownFileType = folder.assetcatalog; path = Assets.xcassets; sourceTree = "<group>"; };
/* End PBXFileReference section */

/* Begin PBXFrameworksBuildPhase section */
		1843310C225D07C200A4DC21 /* Frameworks */ = {
			isa = PBXFrameworksBuildPhase;
			buildActionMask = 2147483647;
			files = (
			);
			runOnlyForDeploymentPostprocessing = 0;
		};
/* End PBXFrameworksBuildPhase section */

/* Begin PBXGroup section */
		18433106225D07C200A4DC21 = {
			isa = PBXGroup;
			children = (
				18433111225D07C200A4DC21 /* YoulaSplash */,
				18433110225D07C200A4DC21 /* Products */,
			);
			sourceTree = "<group>";
		};
		18433110225D07C200A4DC21 /* Products */ = {
			isa = PBXGroup;
			children = (
				1843310F225D07C200A4DC21 /* YoulaSplash.app */,
			);
			name = Products;
			sourceTree = "<group>";
		};
		18433111225D07C200A4DC21 /* YoulaSplash */ = {
			isa = PBXGroup;
			children = (
				18433112225D07C200A4DC21 /* AppDelegate.swift */,
				18E8493722674121003D4210 /* Splash */,
				18433116225D07C200A4DC21 /* Main.storyboard */,
				1843311B225D07C400A4DC21 /* LaunchScreen.storyboard */,
				1843311E225D07C400A4DC21 /* Info.plist */,
				18EA0A79227775CB00D4FCEB /* Assets.xcassets */,
			);
			path = YoulaSplash;
			sourceTree = "<group>";
		};
		18E8493722674121003D4210 /* Splash */ = {
			isa = PBXGroup;
			children = (
				18433126225D08A000A4DC21 /* SplashViewController.swift */,
				18433124225D088D00A4DC21 /* SplashPresenter.swift */,
				18433128225D08B300A4DC21 /* SplashAnimator.swift */,
			);
			path = Splash;
			sourceTree = "<group>";
		};
/* End PBXGroup section */

/* Begin PBXNativeTarget section */
		1843310E225D07C200A4DC21 /* YoulaSplash */ = {
			isa = PBXNativeTarget;
			buildConfigurationList = 18433121225D07C400A4DC21 /* Build configuration list for PBXNativeTarget "YoulaSplash" */;
			buildPhases = (
				1843310B225D07C200A4DC21 /* Sources */,
				1843310C225D07C200A4DC21 /* Frameworks */,
				1843310D225D07C200A4DC21 /* Resources */,
			);
			buildRules = (
			);
			dependencies = (
			);
			name = YoulaSplash;
			productName = YoulaSplash;
			productReference = 1843310F225D07C200A4DC21 /* YoulaSplash.app */;
			productType = "com.apple.product-type.application";
		};
/* End PBXNativeTarget section */

/* Begin PBXProject section */
		18433107225D07C200A4DC21 /* Project object */ = {
			isa = PBXProject;
			attributes = {
				LastSwiftUpdateCheck = 1010;
				LastUpgradeCheck = 1010;
				ORGANIZATIONNAME = "Artur Sardaryan";
				TargetAttributes = {
					1843310E225D07C200A4DC21 = {
						CreatedOnToolsVersion = 10.1;
					};
				};
			};
			buildConfigurationList = 1843310A225D07C200A4DC21 /* Build configuration list for PBXProject "YoulaSplash" */;
			compatibilityVersion = "Xcode 9.3";
			developmentRegion = en;
			hasScannedForEncodings = 0;
			knownRegions = (
				en,
				Base,
			);
			mainGroup = 18433106225D07C200A4DC21;
			productRefGroup = 18433110225D07C200A4DC21 /* Products */;
			projectDirPath = "";
			projectRoot = "";
			targets = (
				1843310E225D07C200A4DC21 /* YoulaSplash */,
			);
		};
/* End PBXProject section */

/* Begin PBXResourcesBuildPhase section */
		1843310D225D07C200A4DC21 /* Resources */ = {
			isa = PBXResourcesBuildPhase;
			buildActionMask = 2147483647;
			files = (
				1843311D225D07C400A4DC21 /* LaunchScreen.storyboard in Resources */,
				18EA0A7A227775CC00D4FCEB /* Assets.xcassets in Resources */,
				18433118225D07C200A4DC21 /* Main.storyboard in Resources */,
			);
			runOnlyForDeploymentPostprocessing = 0;
		};
/* End PBXResourcesBuildPhase section */

/* Begin PBXSourcesBuildPhase section */
		1843310B225D07C200A4DC21 /* Sources */ = {
			isa = PBXSourcesBuildPhase;
			buildActionMask = 2147483647;
			files = (
				18433113225D07C200A4DC21 /* AppDelegate.swift in Sources */,
				18433129225D08B300A4DC21 /* SplashAnimator.swift in Sources */,
				18433127225D08A000A4DC21 /* SplashViewController.swift in Sources */,
				18433125225D088D00A4DC21 /* SplashPresenter.swift in Sources */,
			);
			runOnlyForDeploymentPostprocessing = 0;
		};
/* End PBXSourcesBuildPhase section */

/* Begin PBXVariantGroup section */
		18433116225D07C200A4DC21 /* Main.storyboard */ = {
			isa = PBXVariantGroup;
			children = (
				18433117225D07C200A4DC21 /* Base */,
			);
			name = Main.storyboard;
			sourceTree = "<group>";
		};
		1843311B225D07C400A4DC21 /* LaunchScreen.storyboard */ = {
			isa = PBXVariantGroup;
			children = (
				1843311C225D07C400A4DC21 /* Base */,
			);
			name = LaunchScreen.storyboard;
			sourceTree = "<group>";
		};
/* End PBXVariantGroup section */

/* Begin XCBuildConfiguration section */
		1843311F225D07C400A4DC21 /* Debug */ = {
			isa = XCBuildConfiguration;
			buildSettings = {
				ALWAYS_SEARCH_USER_PATHS = NO;
				CLANG_ANALYZER_NONNULL = YES;
				CLANG_ANALYZER_NUMBER_OBJECT_CONVERSION = YES_AGGRESSIVE;
				CLANG_CXX_LANGUAGE_STANDARD = "gnu++14";
				CLANG_CXX_LIBRARY = "libc++";
				CLANG_ENABLE_MODULES = YES;
				CLANG_ENABLE_OBJC_ARC = YES;
				CLANG_ENABLE_OBJC_WEAK = YES;
				CLANG_WARN_BLOCK_CAPTURE_AUTORELEASING = YES;
				CLANG_WARN_BOOL_CONVERSION = YES;
				CLANG_WARN_COMMA = YES;
				CLANG_WARN_CONSTANT_CONVERSION = YES;
				CLANG_WARN_DEPRECATED_OBJC_IMPLEMENTATIONS = YES;
				CLANG_WARN_DIRECT_OBJC_ISA_USAGE = YES_ERROR;
				CLANG_WARN_DOCUMENTATION_COMMENTS = YES;
				CLANG_WARN_EMPTY_BODY = YES;
				CLANG_WARN_ENUM_CONVERSION = YES;
				CLANG_WARN_INFINITE_RECURSION = YES;
				CLANG_WARN_INT_CONVERSION = YES;
				CLANG_WARN_NON_LITERAL_NULL_CONVERSION = YES;
				CLANG_WARN_OBJC_IMPLICIT_RETAIN_SELF = YES;
				CLANG_WARN_OBJC_LITERAL_CONVERSION = YES;
				CLANG_WARN_OBJC_ROOT_CLASS = YES_ERROR;
				CLANG_WARN_RANGE_LOOP_ANALYSIS = YES;
				CLANG_WARN_STRICT_PROTOTYPES = YES;
				CLANG_WARN_SUSPICIOUS_MOVE = YES;
				CLANG_WARN_UNGUARDED_AVAILABILITY = YES_AGGRESSIVE;
				CLANG_WARN_UNREACHABLE_CODE = YES;
				CLANG_WARN__DUPLICATE_METHOD_MATCH = YES;
				CODE_SIGN_IDENTITY = "iPhone Developer";
				COPY_PHASE_STRIP = NO;
				DEBUG_INFORMATION_FORMAT = dwarf;
				ENABLE_STRICT_OBJC_MSGSEND = YES;
				ENABLE_TESTABILITY = YES;
				GCC_C_LANGUAGE_STANDARD = gnu11;
				GCC_DYNAMIC_NO_PIC = NO;
				GCC_NO_COMMON_BLOCKS = YES;
				GCC_OPTIMIZATION_LEVEL = 0;
				GCC_PREPROCESSOR_DEFINITIONS = (
					"DEBUG=1",
					"$(inherited)",
				);
				GCC_WARN_64_TO_32_BIT_CONVERSION = YES;
				GCC_WARN_ABOUT_RETURN_TYPE = YES_ERROR;
				GCC_WARN_UNDECLARED_SELECTOR = YES;
				GCC_WARN_UNINITIALIZED_AUTOS = YES_AGGRESSIVE;
				GCC_WARN_UNUSED_FUNCTION = YES;
				GCC_WARN_UNUSED_VARIABLE = YES;
				IPHONEOS_DEPLOYMENT_TARGET = 12.1;
				MTL_ENABLE_DEBUG_INFO = INCLUDE_SOURCE;
				MTL_FAST_MATH = YES;
				ONLY_ACTIVE_ARCH = YES;
				SDKROOT = iphoneos;
				SWIFT_ACTIVE_COMPILATION_CONDITIONS = DEBUG;
				SWIFT_OPTIMIZATION_LEVEL = "-Onone";
			};
			name = Debug;
		};
		18433120225D07C400A4DC21 /* Release */ = {
			isa = XCBuildConfiguration;
			buildSettings = {
				ALWAYS_SEARCH_USER_PATHS = NO;
				CLANG_ANALYZER_NONNULL = YES;
				CLANG_ANALYZER_NUMBER_OBJECT_CONVERSION = YES_AGGRESSIVE;
				CLANG_CXX_LANGUAGE_STANDARD = "gnu++14";
				CLANG_CXX_LIBRARY = "libc++";
				CLANG_ENABLE_MODULES = YES;
				CLANG_ENABLE_OBJC_ARC = YES;
				CLANG_ENABLE_OBJC_WEAK = YES;
				CLANG_WARN_BLOCK_CAPTURE_AUTORELEASING = YES;
				CLANG_WARN_BOOL_CONVERSION = YES;
				CLANG_WARN_COMMA = YES;
				CLANG_WARN_CONSTANT_CONVERSION = YES;
				CLANG_WARN_DEPRECATED_OBJC_IMPLEMENTATIONS = YES;
				CLANG_WARN_DIRECT_OBJC_ISA_USAGE = YES_ERROR;
				CLANG_WARN_DOCUMENTATION_COMMENTS = YES;
				CLANG_WARN_EMPTY_BODY = YES;
				CLANG_WARN_ENUM_CONVERSION = YES;
				CLANG_WARN_INFINITE_RECURSION = YES;
				CLANG_WARN_INT_CONVERSION = YES;
				CLANG_WARN_NON_LITERAL_NULL_CONVERSION = YES;
				CLANG_WARN_OBJC_IMPLICIT_RETAIN_SELF = YES;
				CLANG_WARN_OBJC_LITERAL_CONVERSION = YES;
				CLANG_WARN_OBJC_ROOT_CLASS = YES_ERROR;
				CLANG_WARN_RANGE_LOOP_ANALYSIS = YES;
				CLANG_WARN_STRICT_PROTOTYPES = YES;
				CLANG_WARN_SUSPICIOUS_MOVE = YES;
				CLANG_WARN_UNGUARDED_AVAILABILITY = YES_AGGRESSIVE;
				CLANG_WARN_UNREACHABLE_CODE = YES;
				CLANG_WARN__DUPLICATE_METHOD_MATCH = YES;
				CODE_SIGN_IDENTITY = "iPhone Developer";
				COPY_PHASE_STRIP = NO;
				DEBUG_INFORMATION_FORMAT = "dwarf-with-dsym";
				ENABLE_NS_ASSERTIONS = NO;
				ENABLE_STRICT_OBJC_MSGSEND = YES;
				GCC_C_LANGUAGE_STANDARD = gnu11;
				GCC_NO_COMMON_BLOCKS = YES;
				GCC_WARN_64_TO_32_BIT_CONVERSION = YES;
				GCC_WARN_ABOUT_RETURN_TYPE = YES_ERROR;
				GCC_WARN_UNDECLARED_SELECTOR = YES;
				GCC_WARN_UNINITIALIZED_AUTOS = YES_AGGRESSIVE;
				GCC_WARN_UNUSED_FUNCTION = YES;
				GCC_WARN_UNUSED_VARIABLE = YES;
				IPHONEOS_DEPLOYMENT_TARGET = 12.1;
				MTL_ENABLE_DEBUG_INFO = NO;
				MTL_FAST_MATH = YES;
				SDKROOT = iphoneos;
				SWIFT_COMPILATION_MODE = wholemodule;
				SWIFT_OPTIMIZATION_LEVEL = "-O";
				VALIDATE_PRODUCT = YES;
			};
			name = Release;
		};
		18433122225D07C400A4DC21 /* Debug */ = {
			isa = XCBuildConfiguration;
			buildSettings = {
				ASSETCATALOG_COMPILER_APPICON_NAME = AppIcon;
				CODE_SIGN_STYLE = Automatic;
				DEVELOPMENT_TEAM = G3W5J6328W;
				INFOPLIST_FILE = YoulaSplash/Info.plist;
				IPHONEOS_DEPLOYMENT_TARGET = 10.0;
				LD_RUNPATH_SEARCH_PATHS = (
					"$(inherited)",
					"@executable_path/Frameworks",
				);
				PRODUCT_BUNDLE_IDENTIFIER = com.asardaryan.YoulaSplash;
				PRODUCT_NAME = "$(TARGET_NAME)";
				SWIFT_VERSION = 4.2;
				TARGETED_DEVICE_FAMILY = "1,2";
			};
			name = Debug;
		};
		18433123225D07C400A4DC21 /* Release */ = {
			isa = XCBuildConfiguration;
			buildSettings = {
				ASSETCATALOG_COMPILER_APPICON_NAME = AppIcon;
				CODE_SIGN_STYLE = Automatic;
				DEVELOPMENT_TEAM = G3W5J6328W;
				INFOPLIST_FILE = YoulaSplash/Info.plist;
				IPHONEOS_DEPLOYMENT_TARGET = 10.0;
				LD_RUNPATH_SEARCH_PATHS = (
					"$(inherited)",
					"@executable_path/Frameworks",
				);
				PRODUCT_BUNDLE_IDENTIFIER = com.asardaryan.YoulaSplash;
				PRODUCT_NAME = "$(TARGET_NAME)";
				SWIFT_VERSION = 4.2;
				TARGETED_DEVICE_FAMILY = "1,2";
			};
			name = Release;
		};
/* End XCBuildConfiguration section */

/* Begin XCConfigurationList section */
		1843310A225D07C200A4DC21 /* Build configuration list for PBXProject "YoulaSplash" */ = {
			isa = XCConfigurationList;
			buildConfigurations = (
				1843311F225D07C400A4DC21 /* Debug */,
				18433120225D07C400A4DC21 /* Release */,
			);
			defaultConfigurationIsVisible = 0;
			defaultConfigurationName = Release;
		};
		18433121225D07C400A4DC21 /* Build configuration list for PBXNativeTarget "YoulaSplash" */ = {
			isa = XCConfigurationList;
			buildConfigurations = (
				18433122225D07C400A4DC21 /* Debug */,
				18433123225D07C400A4DC21 /* Release */,
			);
			defaultConfigurationIsVisible = 0;
			defaultConfigurationName = Release;
		};
/* End XCConfigurationList section */
	};
	rootObject = 18433107225D07C200A4DC21 /* Project object */;
}
